Microsoft Visual Studio Solution File, Format Version 12.00
# Visual Studio Version 17
VisualStudioVersion = 17.5.2.0
MinimumVisualStudioVersion = 10.0.40219.1
Project("{FAE04EC0-301F-11D3-BF4B-00C04F79EFBC}") = "Hien-thi-loi-chao", "Hien-thi-loi-chao.csproj", "{5EFA71DE-7BB7-56C4-D63E-C031386A7DC2}"
EndProject
Global
	GlobalSection(SolutionConfigurationPlatforms) = preSolution
		Debug|Any CPU = Debug|Any CPU
		Release|Any CPU = Release|Any CPU
	EndGlobalSection
	GlobalSection(ProjectConfigurationPlatforms) = postSolution
		{5EFA71DE-7BB7-56C4-D63E-C031386A7DC2}.Debug|Any CPU.ActiveCfg = Debug|Any CPU
		{5EFA71DE-7BB7-56C4-D63E-C031386A7DC2}.Debug|Any CPU.Build.0 = Debug|Any CPU
		{5EFA71DE-7BB7-56C4-D63E-C031386A7DC2}.Release|Any CPU.ActiveCfg = Release|Any CPU
		{5EFA71DE-7BB7-56C4-D63E-C031386A7DC2}.Release|Any CPU.Build.0 = Release|Any CPU
	EndGlobalSection
	GlobalSection(SolutionProperties) = preSolution
		HideSolutionNode = FALSE
	EndGlobalSection
	GlobalSection(ExtensibilityGlobals) = postSolution
		SolutionGuid = {8E858950-30F8-4E07-9F26-6AF9CB2BE19F}
	EndGlobalSection
EndGlobal
